
Microsoft Visual Studio Solution File, Format Version 12.00
# Visual Studio Version 16
VisualStudioVersion = 16.0.32929.386
MinimumVisualStudioVersion = 10.0.40219.1
Project("{9A19103F-16F7-4668-BE54-9A1E7A4F7556}") = "ClassLibrary_Assembly", "ClassLibrary_Assembly.csproj", "{39479A08-5425-4CD7-9CF0-3EDF7D3386F3}"
EndProject
Project("{9A19103F-16F7-4668-BE54-9A1E7A4F7556}") = "ConsoleApp_A", "..\ConsoleApp_A\ConsoleApp_A.csproj", "{F5EB9CC7-7992-4890-8148-176D99D4981A}"
EndProject
Global
	GlobalSection(SolutionConfigurationPlatforms) = preSolution
		Debug|Any CPU = Debug|Any CPU
		Release|Any CPU = Release|Any CPU
	EndGlobalSection
	GlobalSection(ProjectConfigurationPlatforms) = postSolution
		{39479A08-5425-4CD7-9CF0-3EDF7D3386F3}.Debug|Any CPU.ActiveCfg = Debug|Any CPU
		{39479A08-5425-4CD7-9CF0-3EDF7D3386F3}.Debug|Any CPU.Build.0 = Debug|Any CPU
		{39479A08-5425-4CD7-9CF0-3EDF7D3386F3}.Release|Any CPU.ActiveCfg = Release|Any CPU
		{39479A08-5425-4CD7-9CF0-3EDF7D3386F3}.Release|Any CPU.Build.0 = Release|Any CPU
		{F5EB9CC7-7992-4890-8148-176D99D4981A}.Debug|Any CPU.ActiveCfg = Debug|Any CPU
		{F5EB9CC7-7992-4890-8148-176D99D4981A}.Debug|Any CPU.Build.0 = Debug|Any CPU
		{F5EB9CC7-7992-4890-8148-176D99D4981A}.Release|Any CPU.ActiveCfg = Release|Any CPU
		{F5EB9CC7-7992-4890-8148-176D99D4981A}.Release|Any CPU.Build.0 = Release|Any CPU
	EndGlobalSection
	GlobalSection(SolutionProperties) = preSolution
		HideSolutionNode = FALSE
	EndGlobalSection
	GlobalSection(ExtensibilityGlobals) = postSolution
		SolutionGuid = {4C8A2A0B-B231-4108-894A-FF5ADA8FEA3A}
	EndGlobalSection
EndGlobal
